# This file is autogenerated, do not edit; changes may be undone by the next 'dep ensure'.


[[projects]]
  digest = "1:adea5a94903eb4384abef30f3d878dc9ff6b6b5b0722da25b82e5169216dfb61"
  name = "github.com/go-sql-driver/mysql"
  packages = ["."]
  pruneopts = "UT"
  revision = "d523deb1b23d913de5bdada721a6071e71283618"
  version = "v1.4.0"

[[projects]]
  digest = "1:517998a1f5034f85bdaf26c29f677f34509e772240e81f1ba9c2ba6eb0636981"
  name = "github.com/gruntwork-io/terratest"
  packages = [
    "modules/collections",
    "modules/logger",
    "modules/retry",
    "modules/shell",
    "modules/terraform",
  ]
  pruneopts = "UT"
  revision = "a3246fed2e3e40b345e13a745e435b36b17d0c16"
  version = "v0.9.15"

[[projects]]
  branch = "master"
  digest = "1:76ee51c3f468493aff39dbacc401e8831fbb765104cbf613b89bef01cf4bad70"
  name = "golang.org/x/net"
  packages = ["context"]
  pruneopts = "UT"
  revision = "c4299a1a0d8524c11563db160fbf9bddbceadb21"

[[projects]]
  digest = "1:c25289f43ac4a68d88b02245742347c94f1e108c534dda442188015ff80669b3"
  name = "google.golang.org/appengine"
  packages = ["cloudsql"]
  pruneopts = "UT"
  revision = "b1f26356af11148e710935ed1ac8a7f5702c7612"
  version = "v1.1.0"

[solve-meta]
  analyzer-name = "dep"
  analyzer-version = 1
  input-imports = [
    "github.com/go-sql-driver/mysql",
    "github.com/gruntwork-io/terratest/modules/retry",
    "github.com/gruntwork-io/terratest/modules/terraform",
  ]
  solver-name = "gps-cdcl"
  solver-version = 1
